
Microsoft Visual Studio Solution File, Format Version 12.00
# Visual Studio Version 16
VisualStudioVersion = 16.0.30011.22
MinimumVisualStudioVersion = 10.0.40219.1
Project("{FAE04EC0-301F-11D3-BF4B-00C04F79EFBC}") = "ProductStore", "ProductStore\ProductStore.csproj", "{2D994973-7595-4051-B13A-76B20F909ADF}"
EndProject
Global
	GlobalSection(SolutionConfigurationPlatforms) = preSolution
		Debug|Any CPU = Debug|Any CPU
		Release|Any CPU = Release|Any CPU
	EndGlobalSection
	GlobalSection(ProjectConfigurationPlatforms) = postSolution
		{2D994973-7595-4051-B13A-76B20F909ADF}.Debug|Any CPU.ActiveCfg = Debug|Any CPU
		{2D994973-7595-4051-B13A-76B20F909ADF}.Debug|Any CPU.Build.0 = Debug|Any CPU
		{2D994973-7595-4051-B13A-76B20F909ADF}.Release|Any CPU.ActiveCfg = Release|Any CPU
		{2D994973-7595-4051-B13A-76B20F909ADF}.Release|Any CPU.Build.0 = Release|Any CPU
	EndGlobalSection
	GlobalSection(SolutionProperties) = preSolution
		HideSolutionNode = FALSE
	EndGlobalSection
	GlobalSection(ExtensibilityGlobals) = postSolution
		SolutionGuid = {1B053548-3BCF-4210-9A46-C16D44B4208E}
	EndGlobalSection
EndGlobal
