
Microsoft Visual Studio Solution File, Format Version 12.00
# Visual Studio Version 16
VisualStudioVersion = 16.0.30011.22
MinimumVisualStudioVersion = 10.0.40219.1
Project("{FAE04EC0-301F-11D3-BF4B-00C04F79EFBC}") = "WeatherWebForm", "WeatherWebForm\WeatherWebForm.csproj", "{43594F47-DCF5-40CC-BAAA-647B5D4EB790}"
EndProject
Global
	GlobalSection(SolutionConfigurationPlatforms) = preSolution
		Debug|Any CPU = Debug|Any CPU
		Release|Any CPU = Release|Any CPU
	EndGlobalSection
	GlobalSection(ProjectConfigurationPlatforms) = postSolution
		{43594F47-DCF5-40CC-BAAA-647B5D4EB790}.Debug|Any CPU.ActiveCfg = Debug|Any CPU
		{43594F47-DCF5-40CC-BAAA-647B5D4EB790}.Debug|Any CPU.Build.0 = Debug|Any CPU
		{43594F47-DCF5-40CC-BAAA-647B5D4EB790}.Release|Any CPU.ActiveCfg = Release|Any CPU
		{43594F47-DCF5-40CC-BAAA-647B5D4EB790}.Release|Any CPU.Build.0 = Release|Any CPU
	EndGlobalSection
	GlobalSection(SolutionProperties) = preSolution
		HideSolutionNode = FALSE
	EndGlobalSection
	GlobalSection(ExtensibilityGlobals) = postSolution
		SolutionGuid = {C8D01AC7-5541-4B1C-A3AA-EC8E726AC61D}
	EndGlobalSection
EndGlobal
